{
  "name": "malicious-transitive-example",
  "version": "1.0.0",
  "lockfileVersion": 3,
  "requires": true,
  "packages": {
    "": {
      "name": "malicious-transitive-example",
      "version": "1.0.0",
      "dependencies": {
        "cacheable-request": "10.2.14"
      }
    },
    "node_modules/cacheable-request": {
      "version": "10.2.14",
      "resolved": "https://registry.npmjs.org/cacheable-request/-/cacheable-request-10.2.14.tgz",
      "integrity": "sha512-vHlD84a2+dWqJ6pJojQIVkRzJf4PX9vDPrz2nUBYdrg8LUpmhHDOFJo3B9rO/T5F8LDN3eSRG5UqR55lXlG0TQ==",
      "dependencies": {
        "keyv": "^6.0.0"
      }
    },
    "node_modules/cacheable-request/node_modules/keyv": {
      "version": "6.0.0",
      "resolved": "https://registry.npmjs.org/keyv/-/keyv-6.0.0.tgz",
      "integrity": "sha512-QK7N0oz0WxQc9bI5dJ3HHNKvhgO7xN7ZsHnK2EYPhBNCG7R9YgPCW1wR5EjXhF90c7BbL4Q/0q9rNpOFxLBBpQ=="
    }
  }
}
